<?xml version="1.0" encoding="utf-8"?>
<Project ToolsVersion="4.0" xmlns="http://schemas.microsoft.com/developer/msbuild/2003">
  <ItemGroup>
    <Filter Include="Source Files">
      <UniqueIdentifier>{4FC737F1-C7A5-4376-A066-2A32D752A2FF}</UniqueIdentifier>
      <Extensions>cpp;c;cc;cxx;c++;cppm;ixx;def;odl;idl;hpj;bat;asm;asmx</Extensions>
    </Filter>
    <Filter Include="Header Files">
      <UniqueIdentifier>{93995380-89BD-4b04-88EB-625FBE52EBFB}</UniqueIdentifier>
      <Extensions>h;hh;hpp;hxx;h++;hm;inl;inc;ipp;xsd</Extensions>
    </Filter>
    <Filter Include="Resource Files">
      <UniqueIdentifier>{67DA6AB6-F800-4c08-8B7A-83BB121AAD01}</UniqueIdentifier>
      <Extensions>rc;ico;cur;bmp;dlg;rc2;rct;bin;rgs;gif;jpg;jpeg;jpe;resx;tiff;tif;png;wav;mfcribbon-ms</Extensions>
    </Filter>
  </ItemGroup>
  <ItemGroup>
    <ClInclude Include="framework.h">
      <Filter>Header Files</Filter>
    </ClInclude>
    <ClInclude Include="pch.h">
      <Filter>Header Files</Filter>
    </ClInclude>
    <ClInclude Include="generate.h">
      <Filter>Header Files</Filter>
    </ClInclude>
    <ClInclude Include="..\graph_drawing\model.h">
      <Filter>Header Files</Filter>
    </ClInclude>
    <ClInclude Include="..\graph_drawing\face.h">
      <Filter>Header Files</Filter>
    </ClInclude>
    <ClInclude Include="..\graph_drawing\face_group.h">
      <Filter>Header Files</Filter>
    </ClInclude>
    <ClInclude Include="..\graph_drawing\graph_drawing.h">
      <Filter>Header Files</Filter>
    </ClInclude>
    <ClInclude Include="..\graph_drawing\vertex.h">
      <Filter>Header Files</Filter>
    </ClInclude>
    <ClInclude Include="..\util\binary_stream.h">
      <Filter>Header Files</Filter>
    </ClInclude>
    <ClInclude Include="..\util\range.h">
      <Filter>Header Files</Filter>
    </ClInclude>
    <ClInclude Include="..\util\util.h">
      <Filter>Header Files</Filter>
    </ClInclude>
    <ClInclude Include="..\util\timer.h">
      <Filter>Header Files</Filter>
    </ClInclude>
    <ClInclude Include="..\geometry\intersector.h">
      <Filter>Header Files</Filter>
    </ClInclude>
    <ClInclude Include="..\geometry\mesh.h">
      <Filter>Header Files</Filter>
    </ClInclude>
    <ClInclude Include="..\geometry\plane.h">
      <Filter>Header Files</Filter>
    </ClInclude>
    <ClInclude Include="..\geometry\vec2.h">
      <Filter>Header Files</Filter>
    </ClInclude>
    <ClInclude Include="..\geometry\vec3.h">
      <Filter>Header Files</Filter>
    </ClInclude>
    <ClInclude Include="..\grammar_rules\production_rule.h">
      <Filter>Header Files</Filter>
    </ClInclude>
    <ClInclude Include="..\grammar_rules\rule_applier.h">
      <Filter>Header Files</Filter>
    </ClInclude>
    <ClInclude Include="..\grammar_rules\rule_applier_settings.h">
      <Filter>Header Files</Filter>
    </ClInclude>
    <ClInclude Include="..\graph\graph.h">
      <Filter>Header Files</Filter>
    </ClInclude>
    <ClInclude Include="..\graph\graph_edge.h">
      <Filter>Header Files</Filter>
    </ClInclude>
    <ClInclude Include="..\graph\graph_face.h">
      <Filter>Header Files</Filter>
    </ClInclude>
    <ClInclude Include="..\graph\graph_half_edge.h">
      <Filter>Header Files</Filter>
    </ClInclude>
    <ClInclude Include="..\graph\graph_vertex.h">
      <Filter>Header Files</Filter>
    </ClInclude>
    <ClInclude Include="..\graph_drawing\bsp_node.h">
      <Filter>Header Files</Filter>
    </ClInclude>
    <ClInclude Include="..\graph_drawing\half_edge.h">
      <Filter>Header Files</Filter>
    </ClInclude>
    <ClInclude Include="..\graph_morphism\morphism.h">
      <Filter>Header Files</Filter>
    </ClInclude>
    <ClInclude Include="..\graph_morphism\morphism_finder.h">
      <Filter>Header Files</Filter>
    </ClInclude>
    <ClInclude Include="..\graph_morphism\morphism_info.h">
      <Filter>Header Files</Filter>
    </ClInclude>
    <ClInclude Include="..\graph_morphism\morphism_path.h">
      <Filter>Header Files</Filter>
    </ClInclude>
    <ClInclude Include="..\graph_morphism\morphism_state.h">
      <Filter>Header Files</Filter>
    </ClInclude>
    <ClInclude Include="..\placements\edge_placement.h">
      <Filter>Header Files</Filter>
    </ClInclude>
    <ClInclude Include="..\placements\face_placement.h">
      <Filter>Header Files</Filter>
    </ClInclude>
    <ClInclude Include="..\placements\vertex_placement.h">
      <Filter>Header Files</Filter>
    </ClInclude>
    <ClInclude Include="..\primitives\edge_type.h">
      <Filter>Header Files</Filter>
    </ClInclude>
    <ClInclude Include="..\primitives\face_type.h">
      <Filter>Header Files</Filter>
    </ClInclude>
    <ClInclude Include="..\primitives\primitives.h">
      <Filter>Header Files</Filter>
    </ClInclude>
    <ClInclude Include="..\primitives\vertex_type.h">
      <Filter>Header Files</Filter>
    </ClInclude>
    <ClInclude Include="..\util\matrix.h">
      <Filter>Header Files</Filter>
    </ClInclude>
    <ClInclude Include="..\graph_grammar.h">
      <Filter>Header Files</Filter>
    </ClInclude>
    <ClInclude Include="..\mutator.h">
      <Filter>Header Files</Filter>
    </ClInclude>
    <ClInclude Include="..\settings.h">
      <Filter>Header Files</Filter>
    </ClInclude>
    <ClInclude Include="..\graph_drawing\edge.h">
      <Filter>Header Files</Filter>
    </ClInclude>
    <ClInclude Include="..\graph\edge_settings.h">
      <Filter>Header Files</Filter>
    </ClInclude>
    <ClInclude Include="..\json versioning\json_migrations.h">
      <Filter>Header Files</Filter>
    </ClInclude>
    <ClInclude Include="..\json versioning\json_version_manager.h">
      <Filter>Header Files</Filter>
    </ClInclude>
    <ClInclude Include="..\json versioning\read_json_file.h">
      <Filter>Header Files</Filter>
    </ClInclude>
    <ClInclude Include="..\memory_counter.h">
      <Filter>Header Files</Filter>
    </ClInclude>
  </ItemGroup>
  <ItemGroup>
    <ClCompile Include="dllmain.cpp">
      <Filter>Source Files</Filter>
    </ClCompile>
    <ClCompile Include="pch.cpp">
      <Filter>Source Files</Filter>
    </ClCompile>
    <ClCompile Include="generate.cpp">
      <Filter>Source Files</Filter>
    </ClCompile>
    <ClCompile Include="..\graph_drawing\model.cpp">
      <Filter>Source Files</Filter>
    </ClCompile>
    <ClCompile Include="..\graph_drawing\face.cpp">
      <Filter>Source Files</Filter>
    </ClCompile>
    <ClCompile Include="..\graph_drawing\face_group.cpp">
      <Filter>Source Files</Filter>
    </ClCompile>
    <ClCompile Include="..\graph_drawing\graph_drawing.cpp">
      <Filter>Source Files</Filter>
    </ClCompile>
    <ClCompile Include="..\graph_drawing\vertex.cpp">
      <Filter>Source Files</Filter>
    </ClCompile>
    <ClCompile Include="..\util\range.cpp">
      <Filter>Source Files</Filter>
    </ClCompile>
    <ClCompile Include="..\util\util.cpp">
      <Filter>Source Files</Filter>
    </ClCompile>
    <ClCompile Include="..\util\timer.cpp">
      <Filter>Source Files</Filter>
    </ClCompile>
    <ClCompile Include="..\geometry\intersector.cpp">
      <Filter>Header Files</Filter>
    </ClCompile>
    <ClCompile Include="..\geometry\mesh.cpp">
      <Filter>Header Files</Filter>
    </ClCompile>
    <ClCompile Include="..\geometry\vec2.cpp">
      <Filter>Header Files</Filter>
    </ClCompile>
    <ClCompile Include="..\geometry\vec3.cpp">
      <Filter>Header Files</Filter>
    </ClCompile>
    <ClCompile Include="..\grammar_rules\production_rule.cpp">
      <Filter>Header Files</Filter>
    </ClCompile>
    <ClCompile Include="..\grammar_rules\rule_applier.cpp">
      <Filter>Header Files</Filter>
    </ClCompile>
    <ClCompile Include="..\grammar_rules\rule_applier_settings.cpp">
      <Filter>Header Files</Filter>
    </ClCompile>
    <ClCompile Include="..\graph\graph.cpp">
      <Filter>Header Files</Filter>
    </ClCompile>
    <ClCompile Include="..\graph\graph_edge.cpp">
      <Filter>Header Files</Filter>
    </ClCompile>
    <ClCompile Include="..\graph\graph_face.cpp">
      <Filter>Header Files</Filter>
    </ClCompile>
    <ClCompile Include="..\graph\graph_half_edge.cpp">
      <Filter>Header Files</Filter>
    </ClCompile>
    <ClCompile Include="..\graph\graph_vertex.cpp">
      <Filter>Header Files</Filter>
    </ClCompile>
    <ClCompile Include="..\graph_drawing\bsp_node.cpp">
      <Filter>Header Files</Filter>
    </ClCompile>
    <ClCompile Include="..\graph_drawing\half_edge.cpp">
      <Filter>Header Files</Filter>
    </ClCompile>
    <ClCompile Include="..\graph_morphism\morphism.cpp">
      <Filter>Header Files</Filter>
    </ClCompile>
    <ClCompile Include="..\graph_morphism\morphism_finder.cpp">
      <Filter>Header Files</Filter>
    </ClCompile>
    <ClCompile Include="..\graph_morphism\morphism_info.cpp">
      <Filter>Header Files</Filter>
    </ClCompile>
    <ClCompile Include="..\graph_morphism\morphism_path.cpp">
      <Filter>Header Files</Filter>
    </ClCompile>
    <ClCompile Include="..\graph_morphism\morphism_state.cpp">
      <Filter>Header Files</Filter>
    </ClCompile>
    <ClCompile Include="..\placements\edge_placement.cpp">
      <Filter>Header Files</Filter>
    </ClCompile>
    <ClCompile Include="..\placements\face_placement.cpp">
      <Filter>Header Files</Filter>
    </ClCompile>
    <ClCompile Include="..\placements\vertex_placement.cpp">
      <Filter>Header Files</Filter>
    </ClCompile>
    <ClCompile Include="..\primitives\edge_type.cpp">
      <Filter>Header Files</Filter>
    </ClCompile>
    <ClCompile Include="..\primitives\face_type.cpp">
      <Filter>Header Files</Filter>
    </ClCompile>
    <ClCompile Include="..\primitives\primitives.cpp">
      <Filter>Header Files</Filter>
    </ClCompile>
    <ClCompile Include="..\primitives\vertex_type.cpp">
      <Filter>Header Files</Filter>
    </ClCompile>
    <ClCompile Include="..\util\matrix.cpp">
      <Filter>Header Files</Filter>
    </ClCompile>
    <ClCompile Include="..\graph_grammar.cpp">
      <Filter>Header Files</Filter>
    </ClCompile>
    <ClCompile Include="..\mutator.cpp">
      <Filter>Header Files</Filter>
    </ClCompile>
    <ClCompile Include="..\settings.cpp">
      <Filter>Header Files</Filter>
    </ClCompile>
    <ClCompile Include="..\graph_drawing\edge.cpp">
      <Filter>Source Files</Filter>
    </ClCompile>
    <ClCompile Include="..\graph\edge_settings.cpp">
      <Filter>Header Files</Filter>
    </ClCompile>
    <ClCompile Include="..\json versioning\json_migrations.cpp">
      <Filter>Source Files</Filter>
    </ClCompile>
    <ClCompile Include="..\json versioning\json_version_manager.cpp">
      <Filter>Source Files</Filter>
    </ClCompile>
    <ClCompile Include="..\json versioning\read_json_file.cpp">
      <Filter>Source Files</Filter>
    </ClCompile>
    <ClCompile Include="..\memory_counter.cpp">
      <Filter>Source Files</Filter>
    </ClCompile>
  </ItemGroup>
</Project>